{
  "originHash" : "b440cbd994821d1c59ef3fae39cdd359458004248a336c94f8a8b08f5fed3877",
  "pins" : [
    {
      "identity" : "maplibre-gl-native-distribution",
      "kind" : "remoteSourceControl",
      "location" : "https://github.com/maplibre/maplibre-gl-native-distribution",
      "state" : {
        "revision" : "5ee345ca5d65238a6fce29bba87816204be7df20",
        "version" : "6.28.0"
      }
    }
  ],
  "version" : 3
}
